{
  "requires": true,
  "lockfileVersion": 1,
  "dependencies": {
    "@formatjs/intl-relativetimeformat": {
      "version": "4.4.4",
      "resolved": "https://registry.npmjs.org/@formatjs/intl-relativetimeformat/-/intl-relativetimeformat-4.4.4.tgz",
      "integrity": "sha512-8nbjuIJI8VLMpk7aqVuUUW3sOq5OPDJMHBTeMu2DSSTFkqyqzzqNHgF4s4T94f+QeoUFXc02hZNw3YrGRTTlZQ==",
      "requires": {
        "@formatjs/intl-utils": "^1.4.2"
      }
    },
    "@formatjs/intl-utils": {
      "version": "1.4.2",
      "resolved": "https://registry.npmjs.org/@formatjs/intl-utils/-/intl-utils-1.4.2.tgz",
      "integrity": "sha512-XF+/49yOoCJa/w37M3a2u6YZrUy9efmb+b5gXWmOF6rqM6FoEUw8aApj2NJV7Njx25SA+jNT/MYukPLDWRQxrQ=="
    }
  }
}
